
Microsoft Visual Studio Solution File, Format Version 12.00
# Visual Studio 15
VisualStudioVersion = 15.0.28010.2048
MinimumVisualStudioVersion = 10.0.40219.1
Project("{2150E333-8FDC-42A3-9474-1A3956D46DE8}") = "Solution Items", "Solution Items", "{E9CA109E-DC39-4861-9596-4E6731F3E295}"
	ProjectSection(SolutionItems) = preProject
		Readme.md = Readme.md
	EndProjectSection
EndProject
Project("{FAE04EC0-301F-11D3-BF4B-00C04F79EFBC}") = "choicebot", "choicebot\choicebot.csproj", "{4960D27C-8EA0-4BD0-A793-2381D6ADBB76}"
EndProject
Project("{FAE04EC0-301F-11D3-BF4B-00C04F79EFBC}") = "choicebot.net", "choicebot.net\choicebot.net.csproj", "{6C80CAE7-80AE-4544-9391-0111221D05A3}"
EndProject
Project("{FAE04EC0-301F-11D3-BF4B-00C04F79EFBC}") = "choicebot.netcore", "choicebot.netcore\choicebot.netcore.csproj", "{4A08A1D9-0B6D-404B-94B4-E9388AE4C6CF}"
EndProject
Global
	GlobalSection(SolutionConfigurationPlatforms) = preSolution
		Debug|Any CPU = Debug|Any CPU
		Release|Any CPU = Release|Any CPU
	EndGlobalSection
	GlobalSection(ProjectConfigurationPlatforms) = postSolution
		{4960D27C-8EA0-4BD0-A793-2381D6ADBB76}.Debug|Any CPU.ActiveCfg = Debug|Any CPU
		{4960D27C-8EA0-4BD0-A793-2381D6ADBB76}.Debug|Any CPU.Build.0 = Debug|Any CPU
		{4960D27C-8EA0-4BD0-A793-2381D6ADBB76}.Release|Any CPU.ActiveCfg = Release|Any CPU
		{4960D27C-8EA0-4BD0-A793-2381D6ADBB76}.Release|Any CPU.Build.0 = Release|Any CPU
		{6C80CAE7-80AE-4544-9391-0111221D05A3}.Debug|Any CPU.ActiveCfg = Debug|Any CPU
		{6C80CAE7-80AE-4544-9391-0111221D05A3}.Debug|Any CPU.Build.0 = Debug|Any CPU
		{6C80CAE7-80AE-4544-9391-0111221D05A3}.Release|Any CPU.ActiveCfg = Release|Any CPU
		{6C80CAE7-80AE-4544-9391-0111221D05A3}.Release|Any CPU.Build.0 = Release|Any CPU
		{4A08A1D9-0B6D-404B-94B4-E9388AE4C6CF}.Debug|Any CPU.ActiveCfg = Debug|Any CPU
		{4A08A1D9-0B6D-404B-94B4-E9388AE4C6CF}.Debug|Any CPU.Build.0 = Debug|Any CPU
		{4A08A1D9-0B6D-404B-94B4-E9388AE4C6CF}.Release|Any CPU.ActiveCfg = Release|Any CPU
		{4A08A1D9-0B6D-404B-94B4-E9388AE4C6CF}.Release|Any CPU.Build.0 = Release|Any CPU
	EndGlobalSection
	GlobalSection(SolutionProperties) = preSolution
		HideSolutionNode = FALSE
	EndGlobalSection
	GlobalSection(ExtensibilityGlobals) = postSolution
		SolutionGuid = {0BAA083E-C0C6-4500-A687-ECE62B75E7DC}
	EndGlobalSection
EndGlobal
